
Microsoft Visual Studio Solution File, Format Version 12.00
# Visual Studio 15
Project("{FAE04EC0-301F-11D3-BF4B-00C04F79EFBC}") = "spine-unity-examples", "spine-unity-examples.csproj", "{681822B0-E559-A4F9-55AA-4533C737FF65}"
EndProject
Project("{FAE04EC0-301F-11D3-BF4B-00C04F79EFBC}") = "spine-unity", "spine-unity.csproj", "{47C00764-4611-EF19-F1F8-1B17233134F0}"
EndProject
Project("{FAE04EC0-301F-11D3-BF4B-00C04F79EFBC}") = "spine-csharp", "spine-csharp.csproj", "{742BFD50-458E-E16A-CD68-82D1845AEAE6}"
EndProject
Project("{FAE04EC0-301F-11D3-BF4B-00C04F79EFBC}") = "Assembly-CSharp", "Assembly-CSharp.csproj", "{6D651427-4A8C-9AEC-FE47-9F9416FBC185}"
EndProject
Project("{FAE04EC0-301F-11D3-BF4B-00C04F79EFBC}") = "spine-unity-editor", "spine-unity-editor.csproj", "{ADCEDC41-E9DE-78FF-FA96-2591418C7333}"
EndProject
Project("{FAE04EC0-301F-11D3-BF4B-00C04F79EFBC}") = "spine-unity-examples-editor", "spine-unity-examples-editor.csproj", "{F3B0A567-0614-43EF-F9E5-1BD40AD2C214}"
EndProject
Global
	GlobalSection(SolutionConfigurationPlatforms) = preSolution
		Debug|Any CPU = Debug|Any CPU
		Release|Any CPU = Release|Any CPU
	EndGlobalSection
	GlobalSection(ProjectConfigurationPlatforms) = postSolution
		{681822B0-E559-A4F9-55AA-4533C737FF65}.Debug|Any CPU.ActiveCfg = Debug|Any CPU
		{681822B0-E559-A4F9-55AA-4533C737FF65}.Debug|Any CPU.Build.0 = Debug|Any CPU
		{681822B0-E559-A4F9-55AA-4533C737FF65}.Release|Any CPU.ActiveCfg = Release|Any CPU
		{681822B0-E559-A4F9-55AA-4533C737FF65}.Release|Any CPU.Build.0 = Release|Any CPU
		{47C00764-4611-EF19-F1F8-1B17233134F0}.Debug|Any CPU.ActiveCfg = Debug|Any CPU
		{47C00764-4611-EF19-F1F8-1B17233134F0}.Debug|Any CPU.Build.0 = Debug|Any CPU
		{47C00764-4611-EF19-F1F8-1B17233134F0}.Release|Any CPU.ActiveCfg = Release|Any CPU
		{47C00764-4611-EF19-F1F8-1B17233134F0}.Release|Any CPU.Build.0 = Release|Any CPU
		{742BFD50-458E-E16A-CD68-82D1845AEAE6}.Debug|Any CPU.ActiveCfg = Debug|Any CPU
		{742BFD50-458E-E16A-CD68-82D1845AEAE6}.Debug|Any CPU.Build.0 = Debug|Any CPU
		{742BFD50-458E-E16A-CD68-82D1845AEAE6}.Release|Any CPU.ActiveCfg = Release|Any CPU
		{742BFD50-458E-E16A-CD68-82D1845AEAE6}.Release|Any CPU.Build.0 = Release|Any CPU
		{6D651427-4A8C-9AEC-FE47-9F9416FBC185}.Debug|Any CPU.ActiveCfg = Debug|Any CPU
		{6D651427-4A8C-9AEC-FE47-9F9416FBC185}.Debug|Any CPU.Build.0 = Debug|Any CPU
		{6D651427-4A8C-9AEC-FE47-9F9416FBC185}.Release|Any CPU.ActiveCfg = Release|Any CPU
		{6D651427-4A8C-9AEC-FE47-9F9416FBC185}.Release|Any CPU.Build.0 = Release|Any CPU
		{ADCEDC41-E9DE-78FF-FA96-2591418C7333}.Debug|Any CPU.ActiveCfg = Debug|Any CPU
		{ADCEDC41-E9DE-78FF-FA96-2591418C7333}.Debug|Any CPU.Build.0 = Debug|Any CPU
		{ADCEDC41-E9DE-78FF-FA96-2591418C7333}.Release|Any CPU.ActiveCfg = Release|Any CPU
		{ADCEDC41-E9DE-78FF-FA96-2591418C7333}.Release|Any CPU.Build.0 = Release|Any CPU
		{F3B0A567-0614-43EF-F9E5-1BD40AD2C214}.Debug|Any CPU.ActiveCfg = Debug|Any CPU
		{F3B0A567-0614-43EF-F9E5-1BD40AD2C214}.Debug|Any CPU.Build.0 = Debug|Any CPU
		{F3B0A567-0614-43EF-F9E5-1BD40AD2C214}.Release|Any CPU.ActiveCfg = Release|Any CPU
		{F3B0A567-0614-43EF-F9E5-1BD40AD2C214}.Release|Any CPU.Build.0 = Release|Any CPU
	EndGlobalSection
	GlobalSection(SolutionProperties) = preSolution
		HideSolutionNode = FALSE
	EndGlobalSection
EndGlobal
